
Microsoft Visual Studio Solution File, Format Version 12.00
# Visual Studio 15
VisualStudioVersion = 15.0.28010.2003
MinimumVisualStudioVersion = 10.0.40219.1
Project("{FAE04EC0-301F-11D3-BF4B-00C04F79EFBC}") = "file", "file\file.csproj", "{07112E73-AD3D-4A08-9F59-BD02B64F82AB}"
EndProject
Global
	GlobalSection(SolutionConfigurationPlatforms) = preSolution
		Debug|Any CPU = Debug|Any CPU
		Release|Any CPU = Release|Any CPU
	EndGlobalSection
	GlobalSection(ProjectConfigurationPlatforms) = postSolution
		{07112E73-AD3D-4A08-9F59-BD02B64F82AB}.Debug|Any CPU.ActiveCfg = Debug|Any CPU
		{07112E73-AD3D-4A08-9F59-BD02B64F82AB}.Debug|Any CPU.Build.0 = Debug|Any CPU
		{07112E73-AD3D-4A08-9F59-BD02B64F82AB}.Release|Any CPU.ActiveCfg = Release|Any CPU
		{07112E73-AD3D-4A08-9F59-BD02B64F82AB}.Release|Any CPU.Build.0 = Release|Any CPU
	EndGlobalSection
	GlobalSection(SolutionProperties) = preSolution
		HideSolutionNode = FALSE
	EndGlobalSection
	GlobalSection(ExtensibilityGlobals) = postSolution
		SolutionGuid = {F07DE0F7-BCF6-4B4D-B06D-B33FDB9002F2}
	EndGlobalSection
EndGlobal
